
Microsoft Visual Studio Solution File, Format Version 12.00
# Visual Studio Version 16
VisualStudioVersion = 16.0.30001.183
MinimumVisualStudioVersion = 10.0.40219.1
Project("{FAE04EC0-301F-11D3-BF4B-00C04F79EFBC}") = "LevelOfEffortTodo", "LevelOfEffortTodo.csproj", "{F3F0DFFC-6F2E-4BBE-9D11-A1B8CA37C45E}"
EndProject
Global
	GlobalSection(SolutionConfigurationPlatforms) = preSolution
		Debug|Any CPU = Debug|Any CPU
		Release|Any CPU = Release|Any CPU
	EndGlobalSection
	GlobalSection(ProjectConfigurationPlatforms) = postSolution
		{F3F0DFFC-6F2E-4BBE-9D11-A1B8CA37C45E}.Debug|Any CPU.ActiveCfg = Debug|Any CPU
		{F3F0DFFC-6F2E-4BBE-9D11-A1B8CA37C45E}.Debug|Any CPU.Build.0 = Debug|Any CPU
		{F3F0DFFC-6F2E-4BBE-9D11-A1B8CA37C45E}.Release|Any CPU.ActiveCfg = Release|Any CPU
		{F3F0DFFC-6F2E-4BBE-9D11-A1B8CA37C45E}.Release|Any CPU.Build.0 = Release|Any CPU
	EndGlobalSection
	GlobalSection(SolutionProperties) = preSolution
		HideSolutionNode = FALSE
	EndGlobalSection
	GlobalSection(ExtensibilityGlobals) = postSolution
		SolutionGuid = {DE3D2DA4-F6F4-487F-8297-7BB2637C29A6}
	EndGlobalSection
EndGlobal
